{
  "version": "3",
  "packages": {
    "specifiers": {
      "jsr:@std/dotenv@^0.225.2": "jsr:@std/dotenv@0.225.2",
      "jsr:@studiowebux/deno-minilog@^0.3.0": "jsr:@studiowebux/deno-minilog@0.3.0",
      "npm:@cardano-ogmios/schema@^6.7.0": "npm:@cardano-ogmios/schema@6.7.0",
      "npm:kafkajs@^2.2.4": "npm:kafkajs@2.2.4",
      "npm:prom-client@^15.1.3": "npm:prom-client@15.1.3",
      "npm:zod@^3.23.8": "npm:zod@3.23.8"
    },
    "jsr": {
      "@std/dotenv@0.225.2": {
        "integrity": "e2025dce4de6c7bca21dece8baddd4262b09d5187217e231b033e088e0c4dd23"
      },
      "@studiowebux/deno-minilog@0.3.0": {
        "integrity": "1f94c2c92216dea4aff62eafc69c566a306dfd12bcd76d590b565b275cb423c6"
      }
    },
    "npm": {
      "@cardano-ogmios/schema@6.7.0": {
        "integrity": "sha512-M6mYVMh0+Vt3fQ2ychJi1/KDgYYjX+y4lXLcxQyLd3VCC4Nl8BbENRreFwt1/HNjwrlX240bg1jM49wUxj7vog==",
        "dependencies": {}
      },
      "@opentelemetry/api@1.9.0": {
        "integrity": "sha512-3giAOQvZiH5F9bMlMiv8+GSPMeqg0dbaeo58/0SlA9sxSqZhnUtxzX9/2FzyhS9sWQf5S0GJE0AKBrFqjpeYcg==",
        "dependencies": {}
      },
      "bintrees@1.0.2": {
        "integrity": "sha512-VOMgTMwjAaUG580SXn3LacVgjurrbMme7ZZNYGSSV7mmtY6QQRh0Eg3pwIcntQ77DErK1L0NxkbetjcoXzVwKw==",
        "dependencies": {}
      },
      "kafkajs@2.2.4": {
        "integrity": "sha512-j/YeapB1vfPT2iOIUn/vxdyKEuhuY2PxMBvf5JWux6iSaukAccrMtXEY/Lb7OvavDhOWME589bpLrEdnVHjfjA==",
        "dependencies": {}
      },
      "prom-client@15.1.3": {
        "integrity": "sha512-6ZiOBfCywsD4k1BN9IX0uZhF+tJkV8q8llP64G5Hajs4JOeVLPCwpPVcpXy3BwYiUGgyJzsJJQeOIv7+hDSq8g==",
        "dependencies": {
          "@opentelemetry/api": "@opentelemetry/api@1.9.0",
          "tdigest": "tdigest@0.1.2"
        }
      },
      "tdigest@0.1.2": {
        "integrity": "sha512-+G0LLgjjo9BZX2MfdvPfH+MKLCrxlXSYec5DaPYP1fe6Iyhf0/fSmJ0bFiZ1F8BT6cGXl2LpltQptzjXKWEkKA==",
        "dependencies": {
          "bintrees": "bintrees@1.0.2"
        }
      },
      "zod@3.23.8": {
        "integrity": "sha512-XBx9AXhXktjUqnepgTiE5flcKIYWi/rme0Eaj+5Y0lftuGBq+jyRu/md4WnuxqgP1ubdpNCsYEYPxrzVHD8d6g==",
        "dependencies": {}
      }
    }
  },
  "remote": {},
  "workspace": {
    "dependencies": [
      "jsr:@hono/hono@^4.5.11",
      "jsr:@std/dotenv@^0.225.2",
      "jsr:@studiowebux/deno-minilog@^0.3.0",
      "npm:@cardano-ogmios/client@^6.7.0",
      "npm:@cardano-ogmios/schema@^6.7.0",
      "npm:kafkajs@^2.2.4",
      "npm:mongodb",
      "npm:prom-client@^15.1.3",
      "npm:zod@^3.23.8"
    ]
  }
}
